
Microsoft Visual Studio Solution File, Format Version 12.00
# Visual Studio Version 17
VisualStudioVersion = 17.10.35013.160
MinimumVisualStudioVersion = 10.0.40219.1
Project("{FAE04EC0-301F-11D3-BF4B-00C04F79EFBC}") = "Linktic.Product", "Linktic.Product\Linktic.Product.csproj", "{67B44946-E306-46BA-B2F9-A4FA35F09207}"
EndProject
Project("{FAE04EC0-301F-11D3-BF4B-00C04F79EFBC}") = "Linktic.Product.Model", "Linktic.Product.Model\Linktic.Product.Model.csproj", "{AA178B35-2697-4488-8642-E28039CAC8C9}"
EndProject
Project("{FAE04EC0-301F-11D3-BF4B-00C04F79EFBC}") = "Linktic.Product.BusinessServices", "Linktic.Product.BusinessServices\Linktic.Product.BusinessServices.csproj", "{C0033EFF-9E78-48BC-8E8B-B898FC434A05}"
EndProject
Project("{FAE04EC0-301F-11D3-BF4B-00C04F79EFBC}") = "Linktic.Product.Repository", "Linktic.Product.Repository\Linktic.Product.Repository.csproj", "{106BEB23-C572-4B79-A850-EE7FA751CE04}"
EndProject
Project("{FAE04EC0-301F-11D3-BF4B-00C04F79EFBC}") = "Linktic.Product.Services", "Linktic.Product.Services\Linktic.Product.Services.csproj", "{9C1D1790-B576-47AA-95FD-A8719E1D8FE3}"
EndProject
Global
	GlobalSection(SolutionConfigurationPlatforms) = preSolution
		Debug|Any CPU = Debug|Any CPU
		Release|Any CPU = Release|Any CPU
	EndGlobalSection
	GlobalSection(ProjectConfigurationPlatforms) = postSolution
		{67B44946-E306-46BA-B2F9-A4FA35F09207}.Debug|Any CPU.ActiveCfg = Debug|Any CPU
		{67B44946-E306-46BA-B2F9-A4FA35F09207}.Debug|Any CPU.Build.0 = Debug|Any CPU
		{67B44946-E306-46BA-B2F9-A4FA35F09207}.Release|Any CPU.ActiveCfg = Release|Any CPU
		{67B44946-E306-46BA-B2F9-A4FA35F09207}.Release|Any CPU.Build.0 = Release|Any CPU
		{AA178B35-2697-4488-8642-E28039CAC8C9}.Debug|Any CPU.ActiveCfg = Debug|Any CPU
		{AA178B35-2697-4488-8642-E28039CAC8C9}.Debug|Any CPU.Build.0 = Debug|Any CPU
		{AA178B35-2697-4488-8642-E28039CAC8C9}.Release|Any CPU.ActiveCfg = Release|Any CPU
		{AA178B35-2697-4488-8642-E28039CAC8C9}.Release|Any CPU.Build.0 = Release|Any CPU
		{C0033EFF-9E78-48BC-8E8B-B898FC434A05}.Debug|Any CPU.ActiveCfg = Debug|Any CPU
		{C0033EFF-9E78-48BC-8E8B-B898FC434A05}.Debug|Any CPU.Build.0 = Debug|Any CPU
		{C0033EFF-9E78-48BC-8E8B-B898FC434A05}.Release|Any CPU.ActiveCfg = Release|Any CPU
		{C0033EFF-9E78-48BC-8E8B-B898FC434A05}.Release|Any CPU.Build.0 = Release|Any CPU
		{106BEB23-C572-4B79-A850-EE7FA751CE04}.Debug|Any CPU.ActiveCfg = Debug|Any CPU
		{106BEB23-C572-4B79-A850-EE7FA751CE04}.Debug|Any CPU.Build.0 = Debug|Any CPU
		{106BEB23-C572-4B79-A850-EE7FA751CE04}.Release|Any CPU.ActiveCfg = Release|Any CPU
		{106BEB23-C572-4B79-A850-EE7FA751CE04}.Release|Any CPU.Build.0 = Release|Any CPU
		{9C1D1790-B576-47AA-95FD-A8719E1D8FE3}.Debug|Any CPU.ActiveCfg = Debug|Any CPU
		{9C1D1790-B576-47AA-95FD-A8719E1D8FE3}.Debug|Any CPU.Build.0 = Debug|Any CPU
		{9C1D1790-B576-47AA-95FD-A8719E1D8FE3}.Release|Any CPU.ActiveCfg = Release|Any CPU
		{9C1D1790-B576-47AA-95FD-A8719E1D8FE3}.Release|Any CPU.Build.0 = Release|Any CPU
	EndGlobalSection
	GlobalSection(SolutionProperties) = preSolution
		HideSolutionNode = FALSE
	EndGlobalSection
	GlobalSection(ExtensibilityGlobals) = postSolution
		SolutionGuid = {0846DBBE-10E2-43F7-9015-FD53F1F7E253}
	EndGlobalSection
EndGlobal
